// !$*UTF8*$!
{
	archiveVersion = 1;
	classes = {
	};
	objectVersion = 50;
	objects = {

/* Begin PBXBuildFile section */
		57E0B0EA27BE5C5800846F90 /* AppDelegate.swift in Sources */ = {isa = PBXBuildFile; fileRef = 57E0B0E927BE5C5800846F90 /* AppDelegate.swift */; };
		57E0B0EC27BE5C5800846F90 /* SceneDelegate.swift in Sources */ = {isa = PBXBuildFile; fileRef = 57E0B0EB27BE5C5800846F90 /* SceneDelegate.swift */; };
		57E0B0EE27BE5C5800846F90 /* ListNotesViewController.swift in Sources */ = {isa = PBXBuildFile; fileRef = 57E0B0ED27BE5C5800846F90 /* ListNotesViewController.swift */; };
		57E0B0F127BE5C5800846F90 /* Main.storyboard in Resources */ = {isa = PBXBuildFile; fileRef = 57E0B0EF27BE5C5800846F90 /* Main.storyboard */; };
		57E0B0F327BE5C5A00846F90 /* Assets.xcassets in Resources */ = {isa = PBXBuildFile; fileRef = 57E0B0F227BE5C5A00846F90 /* Assets.xcassets */; };
		57E0B0F627BE5C5A00846F90 /* LaunchScreen.storyboard in Resources */ = {isa = PBXBuildFile; fileRef = 57E0B0F427BE5C5A00846F90 /* LaunchScreen.storyboard */; };
		57E0B10327BE6EDA00846F90 /* ListNoteTableViewCell.swift in Sources */ = {isa = PBXBuildFile; fileRef = 57E0B10227BE6EDA00846F90 /* ListNoteTableViewCell.swift */; };
		57E0B10527BE6EF100846F90 /* EditNoteViewController.swift in Sources */ = {isa = PBXBuildFile; fileRef = 57E0B10427BE6EF100846F90 /* EditNoteViewController.swift */; };
		57E0B10827BE738400846F90 /* Note.swift in Sources */ = {isa = PBXBuildFile; fileRef = 57E0B10727BE738400846F90 /* Note.swift */; };
		57E0B10B27BE73CE00846F90 /* Date+Extension.swift in Sources */ = {isa = PBXBuildFile; fileRef = 57E0B10A27BE73CE00846F90 /* Date+Extension.swift */; };
/* End PBXBuildFile section */

/* Begin PBXFileReference section */
		57E0B0E627BE5C5800846F90 /* MyNotes.app */ = {isa = PBXFileReference; explicitFileType = wrapper.application; includeInIndex = 0; path = MyNotes.app; sourceTree = BUILT_PRODUCTS_DIR; };
		57E0B0E927BE5C5800846F90 /* AppDelegate.swift */ = {isa = PBXFileReference; lastKnownFileType = sourcecode.swift; path = AppDelegate.swift; sourceTree = "<group>"; };
		57E0B0EB27BE5C5800846F90 /* SceneDelegate.swift */ = {isa = PBXFileReference; lastKnownFileType = sourcecode.swift; path = SceneDelegate.swift; sourceTree = "<group>"; };
		57E0B0ED27BE5C5800846F90 /* ListNotesViewController.swift */ = {isa = PBXFileReference; lastKnownFileType = sourcecode.swift; name = ListNotesViewController.swift; path = ../../ListNotesViewController.swift; sourceTree = "<group>"; };
		57E0B0F027BE5C5800846F90 /* Base */ = {isa = PBXFileReference; lastKnownFileType = file.storyboard; name = Base; path = Base.lproj/Main.storyboard; sourceTree = "<group>"; };
		57E0B0F227BE5C5A00846F90 /* Assets.xcassets */ = {isa = PBXFileReference; lastKnownFileType = folder.assetcatalog; path = Assets.xcassets; sourceTree = "<group>"; };
		57E0B0F527BE5C5A00846F90 /* Base */ = {isa = PBXFileReference; lastKnownFileType = file.storyboard; name = Base; path = Base.lproj/LaunchScreen.storyboard; sourceTree = "<group>"; };
		57E0B0F727BE5C5A00846F90 /* Info.plist */ = {isa = PBXFileReference; lastKnownFileType = text.plist.xml; path = Info.plist; sourceTree = "<group>"; };
		57E0B10227BE6EDA00846F90 /* ListNoteTableViewCell.swift */ = {isa = PBXFileReference; lastKnownFileType = sourcecode.swift; path = ListNoteTableViewCell.swift; sourceTree = "<group>"; };
		57E0B10427BE6EF100846F90 /* EditNoteViewController.swift */ = {isa = PBXFileReference; lastKnownFileType = sourcecode.swift; path = EditNoteViewController.swift; sourceTree = "<group>"; };
		57E0B10727BE738400846F90 /* Note.swift */ = {isa = PBXFileReference; lastKnownFileType = sourcecode.swift; path = Note.swift; sourceTree = "<group>"; };
		57E0B10A27BE73CE00846F90 /* Date+Extension.swift */ = {isa = PBXFileReference; lastKnownFileType = sourcecode.swift; path = "Date+Extension.swift"; sourceTree = "<group>"; };
/* End PBXFileReference section */

/* Begin PBXFrameworksBuildPhase section */
		57E0B0E327BE5C5800846F90 /* Frameworks */ = {
			isa = PBXFrameworksBuildPhase;
			buildActionMask = 2147483647;
			files = (
			);
			runOnlyForDeploymentPostprocessing = 0;
		};
/* End PBXFrameworksBuildPhase section */

/* Begin PBXGroup section */
		57E0B0DD27BE5C5800846F90 = {
			isa = PBXGroup;
			children = (
				57E0B0E827BE5C5800846F90 /* MyNotes */,
				57E0B0E727BE5C5800846F90 /* Products */,
			);
			sourceTree = "<group>";
		};
		57E0B0E727BE5C5800846F90 /* Products */ = {
			isa = PBXGroup;
			children = (
				57E0B0E627BE5C5800846F90 /* MyNotes.app */,
			);
			name = Products;
			sourceTree = "<group>";
		};
		57E0B0E827BE5C5800846F90 /* MyNotes */ = {
			isa = PBXGroup;
			children = (
				57E0B0E927BE5C5800846F90 /* AppDelegate.swift */,
				57E0B0EB27BE5C5800846F90 /* SceneDelegate.swift */,
				57E0B0EF27BE5C5800846F90 /* Main.storyboard */,
				57E0B0F227BE5C5A00846F90 /* Assets.xcassets */,
				57E0B0F427BE5C5A00846F90 /* LaunchScreen.storyboard */,
				57E0B10927BE73BC00846F90 /* Extensions */,
				57E0B10627BE736900846F90 /* Models */,
				57E0B0FD27BE6E6D00846F90 /* Views */,
				57E0B0F727BE5C5A00846F90 /* Info.plist */,
			);
			path = MyNotes;
			sourceTree = "<group>";
		};
		57E0B0FD27BE6E6D00846F90 /* Views */ = {
			isa = PBXGroup;
			children = (
				57E0B0FF27BE6E9400846F90 /* EditNote */,
				57E0B0FE27BE6E7D00846F90 /* ListNotes */,
			);
			path = Views;
			sourceTree = "<group>";
		};
		57E0B0FE27BE6E7D00846F90 /* ListNotes */ = {
			isa = PBXGroup;
			children = (
				57E0B0ED27BE5C5800846F90 /* ListNotesViewController.swift */,
				57E0B10227BE6EDA00846F90 /* ListNoteTableViewCell.swift */,
			);
			path = ListNotes;
			sourceTree = "<group>";
		};
		57E0B0FF27BE6E9400846F90 /* EditNote */ = {
			isa = PBXGroup;
			children = (
				57E0B10427BE6EF100846F90 /* EditNoteViewController.swift */,
			);
			path = EditNote;
			sourceTree = "<group>";
		};
		57E0B10627BE736900846F90 /* Models */ = {
			isa = PBXGroup;
			children = (
				57E0B10727BE738400846F90 /* Note.swift */,
			);
			path = Models;
			sourceTree = "<group>";
		};
		57E0B10927BE73BC00846F90 /* Extensions */ = {
			isa = PBXGroup;
			children = (
				57E0B10A27BE73CE00846F90 /* Date+Extension.swift */,
			);
			path = Extensions;
			sourceTree = "<group>";
		};
/* End PBXGroup section */

/* Begin PBXNativeTarget section */
		57E0B0E527BE5C5800846F90 /* MyNotes */ = {
			isa = PBXNativeTarget;
			buildConfigurationList = 57E0B0FA27BE5C5A00846F90 /* Build configuration list for PBXNativeTarget "MyNotes" */;
			buildPhases = (
				57E0B0E227BE5C5800846F90 /* Sources */,
				57E0B0E327BE5C5800846F90 /* Frameworks */,
				57E0B0E427BE5C5800846F90 /* Resources */,
			);
			buildRules = (
			);
			dependencies = (
			);
			name = MyNotes;
			productName = MyNotes;
			productReference = 57E0B0E627BE5C5800846F90 /* MyNotes.app */;
			productType = "com.apple.product-type.application";
		};
/* End PBXNativeTarget section */

/* Begin PBXProject section */
		57E0B0DE27BE5C5800846F90 /* Project object */ = {
			isa = PBXProject;
			attributes = {
				LastSwiftUpdateCheck = 1250;
				LastUpgradeCheck = 1250;
				TargetAttributes = {
					57E0B0E527BE5C5800846F90 = {
						CreatedOnToolsVersion = 12.5.1;
					};
				};
			};
			buildConfigurationList = 57E0B0E127BE5C5800846F90 /* Build configuration list for PBXProject "MyNotes" */;
			compatibilityVersion = "Xcode 9.3";
			developmentRegion = en;
			hasScannedForEncodings = 0;
			knownRegions = (
				en,
				Base,
			);
			mainGroup = 57E0B0DD27BE5C5800846F90;
			productRefGroup = 57E0B0E727BE5C5800846F90 /* Products */;
			projectDirPath = "";
			projectRoot = "";
			targets = (
				57E0B0E527BE5C5800846F90 /* MyNotes */,
			);
		};
/* End PBXProject section */

/* Begin PBXResourcesBuildPhase section */
		57E0B0E427BE5C5800846F90 /* Resources */ = {
			isa = PBXResourcesBuildPhase;
			buildActionMask = 2147483647;
			files = (
				57E0B0F627BE5C5A00846F90 /* LaunchScreen.storyboard in Resources */,
				57E0B0F327BE5C5A00846F90 /* Assets.xcassets in Resources */,
				57E0B0F127BE5C5800846F90 /* Main.storyboard in Resources */,
			);
			runOnlyForDeploymentPostprocessing = 0;
		};
/* End PBXResourcesBuildPhase section */

/* Begin PBXSourcesBuildPhase section */
		57E0B0E227BE5C5800846F90 /* Sources */ = {
			isa = PBXSourcesBuildPhase;
			buildActionMask = 2147483647;
			files = (
				57E0B0EE27BE5C5800846F90 /* ListNotesViewController.swift in Sources */,
				57E0B0EA27BE5C5800846F90 /* AppDelegate.swift in Sources */,
				57E0B10327BE6EDA00846F90 /* ListNoteTableViewCell.swift in Sources */,
				57E0B10527BE6EF100846F90 /* EditNoteViewController.swift in Sources */,
				57E0B10B27BE73CE00846F90 /* Date+Extension.swift in Sources */,
				57E0B0EC27BE5C5800846F90 /* SceneDelegate.swift in Sources */,
				57E0B10827BE738400846F90 /* Note.swift in Sources */,
			);
			runOnlyForDeploymentPostprocessing = 0;
		};
/* End PBXSourcesBuildPhase section */

/* Begin PBXVariantGroup section */
		57E0B0EF27BE5C5800846F90 /* Main.storyboard */ = {
			isa = PBXVariantGroup;
			children = (
				57E0B0F027BE5C5800846F90 /* Base */,
			);
			name = Main.storyboard;
			sourceTree = "<group>";
		};
		57E0B0F427BE5C5A00846F90 /* LaunchScreen.storyboard */ = {
			isa = PBXVariantGroup;
			children = (
				57E0B0F527BE5C5A00846F90 /* Base */,
			);
			name = LaunchScreen.storyboard;
			sourceTree = "<group>";
		};
/* End PBXVariantGroup section */

/* Begin XCBuildConfiguration section */
		57E0B0F827BE5C5A00846F90 /* Debug */ = {
			isa = XCBuildConfiguration;
			buildSettings = {
				ALWAYS_SEARCH_USER_PATHS = NO;
				CLANG_ANALYZER_NONNULL = YES;
				CLANG_ANALYZER_NUMBER_OBJECT_CONVERSION = YES_AGGRESSIVE;
				CLANG_CXX_LANGUAGE_STANDARD = "gnu++14";
				CLANG_CXX_LIBRARY = "libc++";
				CLANG_ENABLE_MODULES = YES;
				CLANG_ENABLE_OBJC_ARC = YES;
				CLANG_ENABLE_OBJC_WEAK = YES;
				CLANG_WARN_BLOCK_CAPTURE_AUTORELEASING = YES;
				CLANG_WARN_BOOL_CONVERSION = YES;
				CLANG_WARN_COMMA = YES;
				CLANG_WARN_CONSTANT_CONVERSION = YES;
				CLANG_WARN_DEPRECATED_OBJC_IMPLEMENTATIONS = YES;
				CLANG_WARN_DIRECT_OBJC_ISA_USAGE = YES_ERROR;
				CLANG_WARN_DOCUMENTATION_COMMENTS = YES;
				CLANG_WARN_EMPTY_BODY = YES;
				CLANG_WARN_ENUM_CONVERSION = YES;
				CLANG_WARN_INFINITE_RECURSION = YES;
				CLANG_WARN_INT_CONVERSION = YES;
				CLANG_WARN_NON_LITERAL_NULL_CONVERSION = YES;
				CLANG_WARN_OBJC_IMPLICIT_RETAIN_SELF = YES;
				CLANG_WARN_OBJC_LITERAL_CONVERSION = YES;
				CLANG_WARN_OBJC_ROOT_CLASS = YES_ERROR;
				CLANG_WARN_QUOTED_INCLUDE_IN_FRAMEWORK_HEADER = YES;
				CLANG_WARN_RANGE_LOOP_ANALYSIS = YES;
				CLANG_WARN_STRICT_PROTOTYPES = YES;
				CLANG_WARN_SUSPICIOUS_MOVE = YES;
				CLANG_WARN_UNGUARDED_AVAILABILITY = YES_AGGRESSIVE;
				CLANG_WARN_UNREACHABLE_CODE = YES;
				CLANG_WARN__DUPLICATE_METHOD_MATCH = YES;
				COPY_PHASE_STRIP = NO;
				DEBUG_INFORMATION_FORMAT = dwarf;
				ENABLE_STRICT_OBJC_MSGSEND = YES;
				ENABLE_TESTABILITY = YES;
				GCC_C_LANGUAGE_STANDARD = gnu11;
				GCC_DYNAMIC_NO_PIC = NO;
				GCC_NO_COMMON_BLOCKS = YES;
				GCC_OPTIMIZATION_LEVEL = 0;
				GCC_PREPROCESSOR_DEFINITIONS = (
					"DEBUG=1",
					"$(inherited)",
				);
				GCC_WARN_64_TO_32_BIT_CONVERSION = YES;
				GCC_WARN_ABOUT_RETURN_TYPE = YES_ERROR;
				GCC_WARN_UNDECLARED_SELECTOR = YES;
				GCC_WARN_UNINITIALIZED_AUTOS = YES_AGGRESSIVE;
				GCC_WARN_UNUSED_FUNCTION = YES;
				GCC_WARN_UNUSED_VARIABLE = YES;
				IPHONEOS_DEPLOYMENT_TARGET = 14.5;
				MTL_ENABLE_DEBUG_INFO = INCLUDE_SOURCE;
				MTL_FAST_MATH = YES;
				ONLY_ACTIVE_ARCH = YES;
				SDKROOT = iphoneos;
				SWIFT_ACTIVE_COMPILATION_CONDITIONS = DEBUG;
				SWIFT_OPTIMIZATION_LEVEL = "-Onone";
			};
			name = Debug;
		};
		57E0B0F927BE5C5A00846F90 /* Release */ = {
			isa = XCBuildConfiguration;
			buildSettings = {
				ALWAYS_SEARCH_USER_PATHS = NO;
				CLANG_ANALYZER_NONNULL = YES;
				CLANG_ANALYZER_NUMBER_OBJECT_CONVERSION = YES_AGGRESSIVE;
				CLANG_CXX_LANGUAGE_STANDARD = "gnu++14";
				CLANG_CXX_LIBRARY = "libc++";
				CLANG_ENABLE_MODULES = YES;
				CLANG_ENABLE_OBJC_ARC = YES;
				CLANG_ENABLE_OBJC_WEAK = YES;
				CLANG_WARN_BLOCK_CAPTURE_AUTORELEASING = YES;
				CLANG_WARN_BOOL_CONVERSION = YES;
				CLANG_WARN_COMMA = YES;
				CLANG_WARN_CONSTANT_CONVERSION = YES;
				CLANG_WARN_DEPRECATED_OBJC_IMPLEMENTATIONS = YES;
				CLANG_WARN_DIRECT_OBJC_ISA_USAGE = YES_ERROR;
				CLANG_WARN_DOCUMENTATION_COMMENTS = YES;
				CLANG_WARN_EMPTY_BODY = YES;
				CLANG_WARN_ENUM_CONVERSION = YES;
				CLANG_WARN_INFINITE_RECURSION = YES;
				CLANG_WARN_INT_CONVERSION = YES;
				CLANG_WARN_NON_LITERAL_NULL_CONVERSION = YES;
				CLANG_WARN_OBJC_IMPLICIT_RETAIN_SELF = YES;
				CLANG_WARN_OBJC_LITERAL_CONVERSION = YES;
				CLANG_WARN_OBJC_ROOT_CLASS = YES_ERROR;
				CLANG_WARN_QUOTED_INCLUDE_IN_FRAMEWORK_HEADER = YES;
				CLANG_WARN_RANGE_LOOP_ANALYSIS = YES;
				CLANG_WARN_STRICT_PROTOTYPES = YES;
				CLANG_WARN_SUSPICIOUS_MOVE = YES;
				CLANG_WARN_UNGUARDED_AVAILABILITY = YES_AGGRESSIVE;
				CLANG_WARN_UNREACHABLE_CODE = YES;
				CLANG_WARN__DUPLICATE_METHOD_MATCH = YES;
				COPY_PHASE_STRIP = NO;
				DEBUG_INFORMATION_FORMAT = "dwarf-with-dsym";
				ENABLE_NS_ASSERTIONS = NO;
				ENABLE_STRICT_OBJC_MSGSEND = YES;
				GCC_C_LANGUAGE_STANDARD = gnu11;
				GCC_NO_COMMON_BLOCKS = YES;
				GCC_WARN_64_TO_32_BIT_CONVERSION = YES;
				GCC_WARN_ABOUT_RETURN_TYPE = YES_ERROR;
				GCC_WARN_UNDECLARED_SELECTOR = YES;
				GCC_WARN_UNINITIALIZED_AUTOS = YES_AGGRESSIVE;
				GCC_WARN_UNUSED_FUNCTION = YES;
				GCC_WARN_UNUSED_VARIABLE = YES;
				IPHONEOS_DEPLOYMENT_TARGET = 14.5;
				MTL_ENABLE_DEBUG_INFO = NO;
				MTL_FAST_MATH = YES;
				SDKROOT = iphoneos;
				SWIFT_COMPILATION_MODE = wholemodule;
				SWIFT_OPTIMIZATION_LEVEL = "-O";
				VALIDATE_PRODUCT = YES;
			};
			name = Release;
		};
		57E0B0FB27BE5C5A00846F90 /* Debug */ = {
			isa = XCBuildConfiguration;
			buildSettings = {
				ASSETCATALOG_COMPILER_APPICON_NAME = AppIcon;
				ASSETCATALOG_COMPILER_GLOBAL_ACCENT_COLOR_NAME = AccentColor;
				CODE_SIGN_STYLE = Automatic;
				INFOPLIST_FILE = MyNotes/Info.plist;
				LD_RUNPATH_SEARCH_PATHS = (
					"$(inherited)",
					"@executable_path/Frameworks",
				);
				PRODUCT_BUNDLE_IDENTIFIER = playground.MyNotes;
				PRODUCT_NAME = "$(TARGET_NAME)";
				SWIFT_VERSION = 5.0;
				TARGETED_DEVICE_FAMILY = "1,2";
			};
			name = Debug;
		};
		57E0B0FC27BE5C5A00846F90 /* Release */ = {
			isa = XCBuildConfiguration;
			buildSettings = {
				ASSETCATALOG_COMPILER_APPICON_NAME = AppIcon;
				ASSETCATALOG_COMPILER_GLOBAL_ACCENT_COLOR_NAME = AccentColor;
				CODE_SIGN_STYLE = Automatic;
				INFOPLIST_FILE = MyNotes/Info.plist;
				LD_RUNPATH_SEARCH_PATHS = (
					"$(inherited)",
					"@executable_path/Frameworks",
				);
				PRODUCT_BUNDLE_IDENTIFIER = playground.MyNotes;
				PRODUCT_NAME = "$(TARGET_NAME)";
				SWIFT_VERSION = 5.0;
				TARGETED_DEVICE_FAMILY = "1,2";
			};
			name = Release;
		};
/* End XCBuildConfiguration section */

/* Begin XCConfigurationList section */
		57E0B0E127BE5C5800846F90 /* Build configuration list for PBXProject "MyNotes" */ = {
			isa = XCConfigurationList;
			buildConfigurations = (
				57E0B0F827BE5C5A00846F90 /* Debug */,
				57E0B0F927BE5C5A00846F90 /* Release */,
			);
			defaultConfigurationIsVisible = 0;
			defaultConfigurationName = Release;
		};
		57E0B0FA27BE5C5A00846F90 /* Build configuration list for PBXNativeTarget "MyNotes" */ = {
			isa = XCConfigurationList;
			buildConfigurations = (
				57E0B0FB27BE5C5A00846F90 /* Debug */,
				57E0B0FC27BE5C5A00846F90 /* Release */,
			);
			defaultConfigurationIsVisible = 0;
			defaultConfigurationName = Release;
		};
/* End XCConfigurationList section */
	};
	rootObject = 57E0B0DE27BE5C5800846F90 /* Project object */;
}
